
Microsoft Visual Studio Solution File, Format Version 12.00
# Visual Studio 15
VisualStudioVersion = 15.0.28307.329
MinimumVisualStudioVersion = 10.0.40219.1
Project("{FAE04EC0-301F-11D3-BF4B-00C04F79EFBC}") = "Atividade2EFCore", "Atividade2EFCore\Atividade2EFCore.csproj", "{04973CB4-FB98-4CEB-96C3-94332849833F}"
EndProject
Global
	GlobalSection(SolutionConfigurationPlatforms) = preSolution
		Debug|Any CPU = Debug|Any CPU
		Release|Any CPU = Release|Any CPU
	EndGlobalSection
	GlobalSection(ProjectConfigurationPlatforms) = postSolution
		{04973CB4-FB98-4CEB-96C3-94332849833F}.Debug|Any CPU.ActiveCfg = Debug|Any CPU
		{04973CB4-FB98-4CEB-96C3-94332849833F}.Debug|Any CPU.Build.0 = Debug|Any CPU
		{04973CB4-FB98-4CEB-96C3-94332849833F}.Release|Any CPU.ActiveCfg = Release|Any CPU
		{04973CB4-FB98-4CEB-96C3-94332849833F}.Release|Any CPU.Build.0 = Release|Any CPU
	EndGlobalSection
	GlobalSection(SolutionProperties) = preSolution
		HideSolutionNode = FALSE
	EndGlobalSection
	GlobalSection(ExtensibilityGlobals) = postSolution
		SolutionGuid = {76C92908-23C7-484C-8AEB-C4F62440E2F6}
	EndGlobalSection
EndGlobal
